
Microsoft Visual Studio Solution File, Format Version 12.00
# Visual Studio Version 16
VisualStudioVersion = 16.0.29020.237
MinimumVisualStudioVersion = 10.0.40219.1
Project("{FAE04EC0-301F-11D3-BF4B-00C04F79EFBC}") = "App1", "App1\App1.csproj", "{C7F7D62C-043C-4E45-BDAE-CA9600231CBE}"
EndProject
Global
	GlobalSection(SolutionConfigurationPlatforms) = preSolution
		Debug|ARM = Debug|ARM
		Debug|ARM64 = Debug|ARM64
		Debug|x64 = Debug|x64
		Debug|x86 = Debug|x86
		Release|ARM = Release|ARM
		Release|ARM64 = Release|ARM64
		Release|x64 = Release|x64
		Release|x86 = Release|x86
	EndGlobalSection
	GlobalSection(ProjectConfigurationPlatforms) = postSolution
		{C7F7D62C-043C-4E45-BDAE-CA9600231CBE}.Debug|ARM.ActiveCfg = Debug|ARM
		{C7F7D62C-043C-4E45-BDAE-CA9600231CBE}.Debug|ARM.Build.0 = Debug|ARM
		{C7F7D62C-043C-4E45-BDAE-CA9600231CBE}.Debug|ARM.Deploy.0 = Debug|ARM
		{C7F7D62C-043C-4E45-BDAE-CA9600231CBE}.Debug|ARM64.ActiveCfg = Debug|ARM64
		{C7F7D62C-043C-4E45-BDAE-CA9600231CBE}.Debug|ARM64.Build.0 = Debug|ARM64
		{C7F7D62C-043C-4E45-BDAE-CA9600231CBE}.Debug|ARM64.Deploy.0 = Debug|ARM64
		{C7F7D62C-043C-4E45-BDAE-CA9600231CBE}.Debug|x64.ActiveCfg = Debug|x64
		{C7F7D62C-043C-4E45-BDAE-CA9600231CBE}.Debug|x64.Build.0 = Debug|x64
		{C7F7D62C-043C-4E45-BDAE-CA9600231CBE}.Debug|x64.Deploy.0 = Debug|x64
		{C7F7D62C-043C-4E45-BDAE-CA9600231CBE}.Debug|x86.ActiveCfg = Debug|x86
		{C7F7D62C-043C-4E45-BDAE-CA9600231CBE}.Debug|x86.Build.0 = Debug|x86
		{C7F7D62C-043C-4E45-BDAE-CA9600231CBE}.Debug|x86.Deploy.0 = Debug|x86
		{C7F7D62C-043C-4E45-BDAE-CA9600231CBE}.Release|ARM.ActiveCfg = Release|ARM
		{C7F7D62C-043C-4E45-BDAE-CA9600231CBE}.Release|ARM.Build.0 = Release|ARM
		{C7F7D62C-043C-4E45-BDAE-CA9600231CBE}.Release|ARM.Deploy.0 = Release|ARM
		{C7F7D62C-043C-4E45-BDAE-CA9600231CBE}.Release|ARM64.ActiveCfg = Release|ARM64
		{C7F7D62C-043C-4E45-BDAE-CA9600231CBE}.Release|ARM64.Build.0 = Release|ARM64
		{C7F7D62C-043C-4E45-BDAE-CA9600231CBE}.Release|ARM64.Deploy.0 = Release|ARM64
		{C7F7D62C-043C-4E45-BDAE-CA9600231CBE}.Release|x64.ActiveCfg = Release|x64
		{C7F7D62C-043C-4E45-BDAE-CA9600231CBE}.Release|x64.Build.0 = Release|x64
		{C7F7D62C-043C-4E45-BDAE-CA9600231CBE}.Release|x64.Deploy.0 = Release|x64
		{C7F7D62C-043C-4E45-BDAE-CA9600231CBE}.Release|x86.ActiveCfg = Release|x86
		{C7F7D62C-043C-4E45-BDAE-CA9600231CBE}.Release|x86.Build.0 = Release|x86
		{C7F7D62C-043C-4E45-BDAE-CA9600231CBE}.Release|x86.Deploy.0 = Release|x86
	EndGlobalSection
	GlobalSection(SolutionProperties) = preSolution
		HideSolutionNode = FALSE
	EndGlobalSection
	GlobalSection(ExtensibilityGlobals) = postSolution
		SolutionGuid = {A0E6D0DF-92E0-4E0B-9775-041C8260C8AA}
	EndGlobalSection
EndGlobal
